
Microsoft Visual Studio Solution File, Format Version 12.00
# Visual Studio Version 16
VisualStudioVersion = 16.0.31911.196
MinimumVisualStudioVersion = 10.0.40219.1
Project("{8BC9CEB8-8B4A-11D0-8D11-00A0C91BC942}") = "00Pruebas", "GuillermoSuarezCalleja\GuillermoSuarezCalleja.vcxproj", "{5A71D3DD-6370-4ED5-843B-303EC5190B59}"
EndProject
Project("{8BC9CEB8-8B4A-11D0-8D11-00A0C91BC942}") = "Practica01", "Practica01\Practica01.vcxproj", "{FE0B906E-722C-4ADA-BCCB-0C724AAFD60F}"
EndProject
Project("{8BC9CEB8-8B4A-11D0-8D11-00A0C91BC942}") = "Practica02", "Practica02\Practica02.vcxproj", "{38A9430D-F28B-44EF-9A9D-C4DE66428D69}"
EndProject
Project("{8BC9CEB8-8B4A-11D0-8D11-00A0C91BC942}") = "Practica03", "Practica03\Practica03.vcxproj", "{C203D991-D30F-49EC-8886-8CBACE8EF947}"
EndProject
Project("{8BC9CEB8-8B4A-11D0-8D11-00A0C91BC942}") = "Practica05", "Practica05\Practica05.vcxproj", "{587317BD-2FD2-4EF8-90F0-209436DE4201}"
EndProject
Project("{8BC9CEB8-8B4A-11D0-8D11-00A0C91BC942}") = "Practica06", "Practica06\Practica06.vcxproj", "{67948748-F1C4-48ED-9B56-AB880C5445B3}"
EndProject
Project("{8BC9CEB8-8B4A-11D0-8D11-00A0C91BC942}") = "Practica08", "Practica08\Practica08.vcxproj", "{E1E43514-8970-4498-A195-46F8BC91A4CC}"
EndProject
Project("{8BC9CEB8-8B4A-11D0-8D11-00A0C91BC942}") = "Practica09", "Practica09\Practica09.vcxproj", "{DE772C75-A61C-45BC-B633-4397033A41FA}"
EndProject
Project("{8BC9CEB8-8B4A-11D0-8D11-00A0C91BC942}") = "Practica10", "Practica10\Practica10.vcxproj", "{51E7B25D-878D-4ECF-BC5C-67C943BDBA87}"
EndProject
Project("{8BC9CEB8-8B4A-11D0-8D11-00A0C91BC942}") = "Practica11", "Practica11\Practica11.vcxproj", "{0E2798E6-0D5C-4C73-BFC9-FC062C25104D}"
EndProject
Project("{8BC9CEB8-8B4A-11D0-8D11-00A0C91BC942}") = "Practica13", "Practica13\Practica13.vcxproj", "{91786131-9E3D-41FE-A473-40C26755F639}"
EndProject
Project("{8BC9CEB8-8B4A-11D0-8D11-00A0C91BC942}") = "Practica19", "Practica19\Practica19.vcxproj", "{A13BC806-8D88-40B3-AA15-FCD214BA4D2D}"
EndProject
Project("{8BC9CEB8-8B4A-11D0-8D11-00A0C91BC942}") = "Practica15", "Practica15\Practica15.vcxproj", "{686CFA58-E40E-49FE-BA4C-6AFA4CAEE7D2}"
EndProject
Project("{8BC9CEB8-8B4A-11D0-8D11-00A0C91BC942}") = "Practica16", "Practica16\Practica16.vcxproj", "{F8E57BC6-D302-4EEF-AC37-4C1057F92EB7}"
EndProject
Project("{8BC9CEB8-8B4A-11D0-8D11-00A0C91BC942}") = "Practica17", "Practica17\Practica17.vcxproj", "{2D9A3890-0887-4BA5-A55A-7C47CF6743BD}"
EndProject
Project("{8BC9CEB8-8B4A-11D0-8D11-00A0C91BC942}") = "Practica14", "Practica14\Practica14.vcxproj", "{891A802B-C43C-4753-A1A0-9E0F9D2F6DED}"
EndProject
Global
	GlobalSection(SolutionConfigurationPlatforms) = preSolution
		Debug|x64 = Debug|x64
		Debug|x86 = Debug|x86
		Release|x64 = Release|x64
		Release|x86 = Release|x86
	EndGlobalSection
	GlobalSection(ProjectConfigurationPlatforms) = postSolution
		{5A71D3DD-6370-4ED5-843B-303EC5190B59}.Debug|x64.ActiveCfg = Debug|x64
		{5A71D3DD-6370-4ED5-843B-303EC5190B59}.Debug|x64.Build.0 = Debug|x64
		{5A71D3DD-6370-4ED5-843B-303EC5190B59}.Debug|x86.ActiveCfg = Debug|Win32
		{5A71D3DD-6370-4ED5-843B-303EC5190B59}.Debug|x86.Build.0 = Debug|Win32
		{5A71D3DD-6370-4ED5-843B-303EC5190B59}.Release|x64.ActiveCfg = Release|x64
		{5A71D3DD-6370-4ED5-843B-303EC5190B59}.Release|x64.Build.0 = Release|x64
		{5A71D3DD-6370-4ED5-843B-303EC5190B59}.Release|x86.ActiveCfg = Release|Win32
		{5A71D3DD-6370-4ED5-843B-303EC5190B59}.Release|x86.Build.0 = Release|Win32
		{FE0B906E-722C-4ADA-BCCB-0C724AAFD60F}.Debug|x64.ActiveCfg = Debug|x64
		{FE0B906E-722C-4ADA-BCCB-0C724AAFD60F}.Debug|x64.Build.0 = Debug|x64
		{FE0B906E-722C-4ADA-BCCB-0C724AAFD60F}.Debug|x86.ActiveCfg = Debug|Win32
		{FE0B906E-722C-4ADA-BCCB-0C724AAFD60F}.Debug|x86.Build.0 = Debug|Win32
		{FE0B906E-722C-4ADA-BCCB-0C724AAFD60F}.Release|x64.ActiveCfg = Release|x64
		{FE0B906E-722C-4ADA-BCCB-0C724AAFD60F}.Release|x64.Build.0 = Release|x64
		{FE0B906E-722C-4ADA-BCCB-0C724AAFD60F}.Release|x86.ActiveCfg = Release|Win32
		{FE0B906E-722C-4ADA-BCCB-0C724AAFD60F}.Release|x86.Build.0 = Release|Win32
		{38A9430D-F28B-44EF-9A9D-C4DE66428D69}.Debug|x64.ActiveCfg = Debug|x64
		{38A9430D-F28B-44EF-9A9D-C4DE66428D69}.Debug|x64.Build.0 = Debug|x64
		{38A9430D-F28B-44EF-9A9D-C4DE66428D69}.Debug|x86.ActiveCfg = Debug|Win32
		{38A9430D-F28B-44EF-9A9D-C4DE66428D69}.Debug|x86.Build.0 = Debug|Win32
		{38A9430D-F28B-44EF-9A9D-C4DE66428D69}.Release|x64.ActiveCfg = Release|x64
		{38A9430D-F28B-44EF-9A9D-C4DE66428D69}.Release|x64.Build.0 = Release|x64
		{38A9430D-F28B-44EF-9A9D-C4DE66428D69}.Release|x86.ActiveCfg = Release|Win32
		{38A9430D-F28B-44EF-9A9D-C4DE66428D69}.Release|x86.Build.0 = Release|Win32
		{C203D991-D30F-49EC-8886-8CBACE8EF947}.Debug|x64.ActiveCfg = Debug|x64
		{C203D991-D30F-49EC-8886-8CBACE8EF947}.Debug|x64.Build.0 = Debug|x64
		{C203D991-D30F-49EC-8886-8CBACE8EF947}.Debug|x86.ActiveCfg = Debug|Win32
		{C203D991-D30F-49EC-8886-8CBACE8EF947}.Debug|x86.Build.0 = Debug|Win32
		{C203D991-D30F-49EC-8886-8CBACE8EF947}.Release|x64.ActiveCfg = Release|x64
		{C203D991-D30F-49EC-8886-8CBACE8EF947}.Release|x64.Build.0 = Release|x64
		{C203D991-D30F-49EC-8886-8CBACE8EF947}.Release|x86.ActiveCfg = Release|Win32
		{C203D991-D30F-49EC-8886-8CBACE8EF947}.Release|x86.Build.0 = Release|Win32
		{587317BD-2FD2-4EF8-90F0-209436DE4201}.Debug|x64.ActiveCfg = Debug|x64
		{587317BD-2FD2-4EF8-90F0-209436DE4201}.Debug|x64.Build.0 = Debug|x64
		{587317BD-2FD2-4EF8-90F0-209436DE4201}.Debug|x86.ActiveCfg = Debug|Win32
		{587317BD-2FD2-4EF8-90F0-209436DE4201}.Debug|x86.Build.0 = Debug|Win32
		{587317BD-2FD2-4EF8-90F0-209436DE4201}.Release|x64.ActiveCfg = Release|x64
		{587317BD-2FD2-4EF8-90F0-209436DE4201}.Release|x64.Build.0 = Release|x64
		{587317BD-2FD2-4EF8-90F0-209436DE4201}.Release|x86.ActiveCfg = Release|Win32
		{587317BD-2FD2-4EF8-90F0-209436DE4201}.Release|x86.Build.0 = Release|Win32
		{67948748-F1C4-48ED-9B56-AB880C5445B3}.Debug|x64.ActiveCfg = Debug|x64
		{67948748-F1C4-48ED-9B56-AB880C5445B3}.Debug|x64.Build.0 = Debug|x64
		{67948748-F1C4-48ED-9B56-AB880C5445B3}.Debug|x86.ActiveCfg = Debug|Win32
		{67948748-F1C4-48ED-9B56-AB880C5445B3}.Debug|x86.Build.0 = Debug|Win32
		{67948748-F1C4-48ED-9B56-AB880C5445B3}.Release|x64.ActiveCfg = Release|x64
		{67948748-F1C4-48ED-9B56-AB880C5445B3}.Release|x64.Build.0 = Release|x64
		{67948748-F1C4-48ED-9B56-AB880C5445B3}.Release|x86.ActiveCfg = Release|Win32
		{67948748-F1C4-48ED-9B56-AB880C5445B3}.Release|x86.Build.0 = Release|Win32
		{E1E43514-8970-4498-A195-46F8BC91A4CC}.Debug|x64.ActiveCfg = Debug|x64
		{E1E43514-8970-4498-A195-46F8BC91A4CC}.Debug|x64.Build.0 = Debug|x64
		{E1E43514-8970-4498-A195-46F8BC91A4CC}.Debug|x86.ActiveCfg = Debug|Win32
		{E1E43514-8970-4498-A195-46F8BC91A4CC}.Debug|x86.Build.0 = Debug|Win32
		{E1E43514-8970-4498-A195-46F8BC91A4CC}.Release|x64.ActiveCfg = Release|x64
		{E1E43514-8970-4498-A195-46F8BC91A4CC}.Release|x64.Build.0 = Release|x64
		{E1E43514-8970-4498-A195-46F8BC91A4CC}.Release|x86.ActiveCfg = Release|Win32
		{E1E43514-8970-4498-A195-46F8BC91A4CC}.Release|x86.Build.0 = Release|Win32
		{DE772C75-A61C-45BC-B633-4397033A41FA}.Debug|x64.ActiveCfg = Debug|x64
		{DE772C75-A61C-45BC-B633-4397033A41FA}.Debug|x64.Build.0 = Debug|x64
		{DE772C75-A61C-45BC-B633-4397033A41FA}.Debug|x86.ActiveCfg = Debug|Win32
		{DE772C75-A61C-45BC-B633-4397033A41FA}.Debug|x86.Build.0 = Debug|Win32
		{DE772C75-A61C-45BC-B633-4397033A41FA}.Release|x64.ActiveCfg = Release|x64
		{DE772C75-A61C-45BC-B633-4397033A41FA}.Release|x64.Build.0 = Release|x64
		{DE772C75-A61C-45BC-B633-4397033A41FA}.Release|x86.ActiveCfg = Release|Win32
		{DE772C75-A61C-45BC-B633-4397033A41FA}.Release|x86.Build.0 = Release|Win32
		{51E7B25D-878D-4ECF-BC5C-67C943BDBA87}.Debug|x64.ActiveCfg = Debug|x64
		{51E7B25D-878D-4ECF-BC5C-67C943BDBA87}.Debug|x64.Build.0 = Debug|x64
		{51E7B25D-878D-4ECF-BC5C-67C943BDBA87}.Debug|x86.ActiveCfg = Debug|Win32
		{51E7B25D-878D-4ECF-BC5C-67C943BDBA87}.Debug|x86.Build.0 = Debug|Win32
		{51E7B25D-878D-4ECF-BC5C-67C943BDBA87}.Release|x64.ActiveCfg = Release|x64
		{51E7B25D-878D-4ECF-BC5C-67C943BDBA87}.Release|x64.Build.0 = Release|x64
		{51E7B25D-878D-4ECF-BC5C-67C943BDBA87}.Release|x86.ActiveCfg = Release|Win32
		{51E7B25D-878D-4ECF-BC5C-67C943BDBA87}.Release|x86.Build.0 = Release|Win32
		{0E2798E6-0D5C-4C73-BFC9-FC062C25104D}.Debug|x64.ActiveCfg = Debug|x64
		{0E2798E6-0D5C-4C73-BFC9-FC062C25104D}.Debug|x64.Build.0 = Debug|x64
		{0E2798E6-0D5C-4C73-BFC9-FC062C25104D}.Debug|x86.ActiveCfg = Debug|Win32
		{0E2798E6-0D5C-4C73-BFC9-FC062C25104D}.Debug|x86.Build.0 = Debug|Win32
		{0E2798E6-0D5C-4C73-BFC9-FC062C25104D}.Release|x64.ActiveCfg = Release|x64
		{0E2798E6-0D5C-4C73-BFC9-FC062C25104D}.Release|x64.Build.0 = Release|x64
		{0E2798E6-0D5C-4C73-BFC9-FC062C25104D}.Release|x86.ActiveCfg = Release|Win32
		{0E2798E6-0D5C-4C73-BFC9-FC062C25104D}.Release|x86.Build.0 = Release|Win32
		{91786131-9E3D-41FE-A473-40C26755F639}.Debug|x64.ActiveCfg = Debug|x64
		{91786131-9E3D-41FE-A473-40C26755F639}.Debug|x64.Build.0 = Debug|x64
		{91786131-9E3D-41FE-A473-40C26755F639}.Debug|x86.ActiveCfg = Debug|Win32
		{91786131-9E3D-41FE-A473-40C26755F639}.Debug|x86.Build.0 = Debug|Win32
		{91786131-9E3D-41FE-A473-40C26755F639}.Release|x64.ActiveCfg = Release|x64
		{91786131-9E3D-41FE-A473-40C26755F639}.Release|x64.Build.0 = Release|x64
		{91786131-9E3D-41FE-A473-40C26755F639}.Release|x86.ActiveCfg = Release|Win32
		{91786131-9E3D-41FE-A473-40C26755F639}.Release|x86.Build.0 = Release|Win32
		{A13BC806-8D88-40B3-AA15-FCD214BA4D2D}.Debug|x64.ActiveCfg = Debug|x64
		{A13BC806-8D88-40B3-AA15-FCD214BA4D2D}.Debug|x64.Build.0 = Debug|x64
		{A13BC806-8D88-40B3-AA15-FCD214BA4D2D}.Debug|x86.ActiveCfg = Debug|Win32
		{A13BC806-8D88-40B3-AA15-FCD214BA4D2D}.Debug|x86.Build.0 = Debug|Win32
		{A13BC806-8D88-40B3-AA15-FCD214BA4D2D}.Release|x64.ActiveCfg = Release|x64
		{A13BC806-8D88-40B3-AA15-FCD214BA4D2D}.Release|x64.Build.0 = Release|x64
		{A13BC806-8D88-40B3-AA15-FCD214BA4D2D}.Release|x86.ActiveCfg = Release|Win32
		{A13BC806-8D88-40B3-AA15-FCD214BA4D2D}.Release|x86.Build.0 = Release|Win32
		{686CFA58-E40E-49FE-BA4C-6AFA4CAEE7D2}.Debug|x64.ActiveCfg = Debug|x64
		{686CFA58-E40E-49FE-BA4C-6AFA4CAEE7D2}.Debug|x64.Build.0 = Debug|x64
		{686CFA58-E40E-49FE-BA4C-6AFA4CAEE7D2}.Debug|x86.ActiveCfg = Debug|Win32
		{686CFA58-E40E-49FE-BA4C-6AFA4CAEE7D2}.Debug|x86.Build.0 = Debug|Win32
		{686CFA58-E40E-49FE-BA4C-6AFA4CAEE7D2}.Release|x64.ActiveCfg = Release|x64
		{686CFA58-E40E-49FE-BA4C-6AFA4CAEE7D2}.Release|x64.Build.0 = Release|x64
		{686CFA58-E40E-49FE-BA4C-6AFA4CAEE7D2}.Release|x86.ActiveCfg = Release|Win32
		{686CFA58-E40E-49FE-BA4C-6AFA4CAEE7D2}.Release|x86.Build.0 = Release|Win32
		{F8E57BC6-D302-4EEF-AC37-4C1057F92EB7}.Debug|x64.ActiveCfg = Debug|x64
		{F8E57BC6-D302-4EEF-AC37-4C1057F92EB7}.Debug|x64.Build.0 = Debug|x64
		{F8E57BC6-D302-4EEF-AC37-4C1057F92EB7}.Debug|x86.ActiveCfg = Debug|Win32
		{F8E57BC6-D302-4EEF-AC37-4C1057F92EB7}.Debug|x86.Build.0 = Debug|Win32
		{F8E57BC6-D302-4EEF-AC37-4C1057F92EB7}.Release|x64.ActiveCfg = Release|x64
		{F8E57BC6-D302-4EEF-AC37-4C1057F92EB7}.Release|x64.Build.0 = Release|x64
		{F8E57BC6-D302-4EEF-AC37-4C1057F92EB7}.Release|x86.ActiveCfg = Release|Win32
		{F8E57BC6-D302-4EEF-AC37-4C1057F92EB7}.Release|x86.Build.0 = Release|Win32
		{2D9A3890-0887-4BA5-A55A-7C47CF6743BD}.Debug|x64.ActiveCfg = Debug|x64
		{2D9A3890-0887-4BA5-A55A-7C47CF6743BD}.Debug|x64.Build.0 = Debug|x64
		{2D9A3890-0887-4BA5-A55A-7C47CF6743BD}.Debug|x86.ActiveCfg = Debug|Win32
		{2D9A3890-0887-4BA5-A55A-7C47CF6743BD}.Debug|x86.Build.0 = Debug|Win32
		{2D9A3890-0887-4BA5-A55A-7C47CF6743BD}.Release|x64.ActiveCfg = Release|x64
		{2D9A3890-0887-4BA5-A55A-7C47CF6743BD}.Release|x64.Build.0 = Release|x64
		{2D9A3890-0887-4BA5-A55A-7C47CF6743BD}.Release|x86.ActiveCfg = Release|Win32
		{2D9A3890-0887-4BA5-A55A-7C47CF6743BD}.Release|x86.Build.0 = Release|Win32
		{891A802B-C43C-4753-A1A0-9E0F9D2F6DED}.Debug|x64.ActiveCfg = Debug|x64
		{891A802B-C43C-4753-A1A0-9E0F9D2F6DED}.Debug|x64.Build.0 = Debug|x64
		{891A802B-C43C-4753-A1A0-9E0F9D2F6DED}.Debug|x86.ActiveCfg = Debug|Win32
		{891A802B-C43C-4753-A1A0-9E0F9D2F6DED}.Debug|x86.Build.0 = Debug|Win32
		{891A802B-C43C-4753-A1A0-9E0F9D2F6DED}.Release|x64.ActiveCfg = Release|x64
		{891A802B-C43C-4753-A1A0-9E0F9D2F6DED}.Release|x64.Build.0 = Release|x64
		{891A802B-C43C-4753-A1A0-9E0F9D2F6DED}.Release|x86.ActiveCfg = Release|Win32
		{891A802B-C43C-4753-A1A0-9E0F9D2F6DED}.Release|x86.Build.0 = Release|Win32
	EndGlobalSection
	GlobalSection(SolutionProperties) = preSolution
		HideSolutionNode = FALSE
	EndGlobalSection
	GlobalSection(ExtensibilityGlobals) = postSolution
		SolutionGuid = {09894881-EACD-4120-BB94-98556DD406BE}
	EndGlobalSection
EndGlobal
